// !$*UTF8*$!
{
	archiveVersion = 1;
	classes = {
	};
	objectVersion = 50;
	objects = {

/* Begin PBXBuildFile section */
		060A82A426D3DAA8005A972B /* AppDelegate.swift in Sources */ = {isa = PBXBuildFile; fileRef = 060A82A326D3DAA8005A972B /* AppDelegate.swift */; };
		060A82A626D3DAA8005A972B /* SceneDelegate.swift in Sources */ = {isa = PBXBuildFile; fileRef = 060A82A526D3DAA8005A972B /* SceneDelegate.swift */; };
		060A82AD26D3DAA9005A972B /* Assets.xcassets in Resources */ = {isa = PBXBuildFile; fileRef = 060A82AC26D3DAA9005A972B /* Assets.xcassets */; };
		060A82B026D3DAA9005A972B /* LaunchScreen.storyboard in Resources */ = {isa = PBXBuildFile; fileRef = 060A82AE26D3DAA9005A972B /* LaunchScreen.storyboard */; };
		060A82B826D3DB04005A972B /* ChatList.storyboard in Resources */ = {isa = PBXBuildFile; fileRef = 060A82B726D3DB04005A972B /* ChatList.storyboard */; };
		060A82BA26D3DBC3005A972B /* ChatListViewController.swift in Sources */ = {isa = PBXBuildFile; fileRef = 060A82B926D3DBC3005A972B /* ChatListViewController.swift */; };
		060A82BE26D3EDDD005A972B /* UIColor-Extension.swift in Sources */ = {isa = PBXBuildFile; fileRef = 060A82BD26D3EDDD005A972B /* UIColor-Extension.swift */; };
		060A82C026D3F103005A972B /* ChatRoom.storyboard in Resources */ = {isa = PBXBuildFile; fileRef = 060A82BF26D3F103005A972B /* ChatRoom.storyboard */; };
		060A82C226D3F160005A972B /* ChatRoomViewController.swift in Sources */ = {isa = PBXBuildFile; fileRef = 060A82C126D3F160005A972B /* ChatRoomViewController.swift */; };
		060A82C426D3F56E005A972B /* ChatRoomTableViewCell.xib in Resources */ = {isa = PBXBuildFile; fileRef = 060A82C326D3F56E005A972B /* ChatRoomTableViewCell.xib */; };
		060A82C626D3F725005A972B /* ChatRoomTableViewCell.swift in Sources */ = {isa = PBXBuildFile; fileRef = 060A82C526D3F725005A972B /* ChatRoomTableViewCell.swift */; };
		060A82CB26D412E9005A972B /* ChatInputAccessoryView.xib in Resources */ = {isa = PBXBuildFile; fileRef = 060A82CA26D412E9005A972B /* ChatInputAccessoryView.xib */; };
		060A82CD26D41439005A972B /* ChatInputAccessoryView.swift in Sources */ = {isa = PBXBuildFile; fileRef = 060A82CC26D41439005A972B /* ChatInputAccessoryView.swift */; };
		060A82CF26D6A576005A972B /* GoogleService-Info.plist in Resources */ = {isa = PBXBuildFile; fileRef = 060A82CE26D6A576005A972B /* GoogleService-Info.plist */; };
		5BF4EEE55BC583BB95F80D64 /* Pods_ChatAppWithFirebase.framework in Frameworks */ = {isa = PBXBuildFile; fileRef = 17561A07E48E53D8C2C8DF0A /* Pods_ChatAppWithFirebase.framework */; };
/* End PBXBuildFile section */

/* Begin PBXFileReference section */
		060A82A026D3DAA8005A972B /* ChatAppWithFirebase.app */ = {isa = PBXFileReference; explicitFileType = wrapper.application; includeInIndex = 0; path = ChatAppWithFirebase.app; sourceTree = BUILT_PRODUCTS_DIR; };
		060A82A326D3DAA8005A972B /* AppDelegate.swift */ = {isa = PBXFileReference; lastKnownFileType = sourcecode.swift; path = AppDelegate.swift; sourceTree = "<group>"; };
		060A82A526D3DAA8005A972B /* SceneDelegate.swift */ = {isa = PBXFileReference; lastKnownFileType = sourcecode.swift; path = SceneDelegate.swift; sourceTree = "<group>"; };
		060A82AC26D3DAA9005A972B /* Assets.xcassets */ = {isa = PBXFileReference; lastKnownFileType = folder.assetcatalog; path = Assets.xcassets; sourceTree = "<group>"; };
		060A82AF26D3DAA9005A972B /* Base */ = {isa = PBXFileReference; lastKnownFileType = file.storyboard; name = Base; path = Base.lproj/LaunchScreen.storyboard; sourceTree = "<group>"; };
		060A82B126D3DAA9005A972B /* Info.plist */ = {isa = PBXFileReference; lastKnownFileType = text.plist.xml; path = Info.plist; sourceTree = "<group>"; };
		060A82B726D3DB04005A972B /* ChatList.storyboard */ = {isa = PBXFileReference; lastKnownFileType = file.storyboard; path = ChatList.storyboard; sourceTree = "<group>"; };
		060A82B926D3DBC3005A972B /* ChatListViewController.swift */ = {isa = PBXFileReference; lastKnownFileType = sourcecode.swift; path = ChatListViewController.swift; sourceTree = "<group>"; };
		060A82BD26D3EDDD005A972B /* UIColor-Extension.swift */ = {isa = PBXFileReference; lastKnownFileType = sourcecode.swift; path = "UIColor-Extension.swift"; sourceTree = "<group>"; };
		060A82BF26D3F103005A972B /* ChatRoom.storyboard */ = {isa = PBXFileReference; lastKnownFileType = file.storyboard; path = ChatRoom.storyboard; sourceTree = "<group>"; };
		060A82C126D3F160005A972B /* ChatRoomViewController.swift */ = {isa = PBXFileReference; lastKnownFileType = sourcecode.swift; path = ChatRoomViewController.swift; sourceTree = "<group>"; };
		060A82C326D3F56E005A972B /* ChatRoomTableViewCell.xib */ = {isa = PBXFileReference; lastKnownFileType = file.xib; path = ChatRoomTableViewCell.xib; sourceTree = "<group>"; };
		060A82C526D3F725005A972B /* ChatRoomTableViewCell.swift */ = {isa = PBXFileReference; lastKnownFileType = sourcecode.swift; path = ChatRoomTableViewCell.swift; sourceTree = "<group>"; };
		060A82CA26D412E9005A972B /* ChatInputAccessoryView.xib */ = {isa = PBXFileReference; lastKnownFileType = file.xib; path = ChatInputAccessoryView.xib; sourceTree = "<group>"; };
		060A82CC26D41439005A972B /* ChatInputAccessoryView.swift */ = {isa = PBXFileReference; lastKnownFileType = sourcecode.swift; path = ChatInputAccessoryView.swift; sourceTree = "<group>"; };
		060A82CE26D6A576005A972B /* GoogleService-Info.plist */ = {isa = PBXFileReference; fileEncoding = 4; lastKnownFileType = text.plist.xml; path = "GoogleService-Info.plist"; sourceTree = "<group>"; };
		17561A07E48E53D8C2C8DF0A /* Pods_ChatAppWithFirebase.framework */ = {isa = PBXFileReference; explicitFileType = wrapper.framework; includeInIndex = 0; path = Pods_ChatAppWithFirebase.framework; sourceTree = BUILT_PRODUCTS_DIR; };
		7A82804DF2EEF04139FE364D /* Pods-ChatAppWithFirebase.release.xcconfig */ = {isa = PBXFileReference; includeInIndex = 1; lastKnownFileType = text.xcconfig; name = "Pods-ChatAppWithFirebase.release.xcconfig"; path = "Target Support Files/Pods-ChatAppWithFirebase/Pods-ChatAppWithFirebase.release.xcconfig"; sourceTree = "<group>"; };
		AE48A470AA21B943CD15CFA9 /* Pods-ChatAppWithFirebase.debug.xcconfig */ = {isa = PBXFileReference; includeInIndex = 1; lastKnownFileType = text.xcconfig; name = "Pods-ChatAppWithFirebase.debug.xcconfig"; path = "Target Support Files/Pods-ChatAppWithFirebase/Pods-ChatAppWithFirebase.debug.xcconfig"; sourceTree = "<group>"; };
/* End PBXFileReference section */

/* Begin PBXFrameworksBuildPhase section */
		060A829D26D3DAA8005A972B /* Frameworks */ = {
			isa = PBXFrameworksBuildPhase;
			buildActionMask = 2147483647;
			files = (
				5BF4EEE55BC583BB95F80D64 /* Pods_ChatAppWithFirebase.framework in Frameworks */,
			);
			runOnlyForDeploymentPostprocessing = 0;
		};
/* End PBXFrameworksBuildPhase section */

/* Begin PBXGroup section */
		060A829726D3DAA8005A972B = {
			isa = PBXGroup;
			children = (
				060A82A226D3DAA8005A972B /* ChatAppWithFirebase */,
				060A82A126D3DAA8005A972B /* Products */,
				51EE7A55232C90CA10067D54 /* Pods */,
				898BC04FD75B95A0EB37F25C /* Frameworks */,
			);
			sourceTree = "<group>";
		};
		060A82A126D3DAA8005A972B /* Products */ = {
			isa = PBXGroup;
			children = (
				060A82A026D3DAA8005A972B /* ChatAppWithFirebase.app */,
			);
			name = Products;
			sourceTree = "<group>";
		};
		060A82A226D3DAA8005A972B /* ChatAppWithFirebase */ = {
			isa = PBXGroup;
			children = (
				060A82C926D4128B005A972B /* Extensions */,
				060A82C826D41274005A972B /* Views */,
				060A82C726D4125A005A972B /* Xibs */,
				060A82BC26D3ED62005A972B /* StoryBoards */,
				060A82BB26D3ED4E005A972B /* Controllers */,
				060A82A326D3DAA8005A972B /* AppDelegate.swift */,
				060A82A526D3DAA8005A972B /* SceneDelegate.swift */,
				060A82AC26D3DAA9005A972B /* Assets.xcassets */,
				060A82AE26D3DAA9005A972B /* LaunchScreen.storyboard */,
				060A82B126D3DAA9005A972B /* Info.plist */,
				060A82CE26D6A576005A972B /* GoogleService-Info.plist */,
			);
			path = ChatAppWithFirebase;
			sourceTree = "<group>";
		};
		060A82BB26D3ED4E005A972B /* Controllers */ = {
			isa = PBXGroup;
			children = (
				060A82B926D3DBC3005A972B /* ChatListViewController.swift */,
				060A82C126D3F160005A972B /* ChatRoomViewController.swift */,
			);
			path = Controllers;
			sourceTree = "<group>";
		};
		060A82BC26D3ED62005A972B /* StoryBoards */ = {
			isa = PBXGroup;
			children = (
				060A82B726D3DB04005A972B /* ChatList.storyboard */,
				060A82BF26D3F103005A972B /* ChatRoom.storyboard */,
			);
			path = StoryBoards;
			sourceTree = "<group>";
		};
		060A82C726D4125A005A972B /* Xibs */ = {
			isa = PBXGroup;
			children = (
				060A82C326D3F56E005A972B /* ChatRoomTableViewCell.xib */,
				060A82CA26D412E9005A972B /* ChatInputAccessoryView.xib */,
			);
			path = Xibs;
			sourceTree = "<group>";
		};
		060A82C826D41274005A972B /* Views */ = {
			isa = PBXGroup;
			children = (
				060A82C526D3F725005A972B /* ChatRoomTableViewCell.swift */,
				060A82CC26D41439005A972B /* ChatInputAccessoryView.swift */,
			);
			path = Views;
			sourceTree = "<group>";
		};
		060A82C926D4128B005A972B /* Extensions */ = {
			isa = PBXGroup;
			children = (
				060A82BD26D3EDDD005A972B /* UIColor-Extension.swift */,
			);
			path = Extensions;
			sourceTree = "<group>";
		};
		51EE7A55232C90CA10067D54 /* Pods */ = {
			isa = PBXGroup;
			children = (
				AE48A470AA21B943CD15CFA9 /* Pods-ChatAppWithFirebase.debug.xcconfig */,
				7A82804DF2EEF04139FE364D /* Pods-ChatAppWithFirebase.release.xcconfig */,
			);
			name = Pods;
			path = Pods;
			sourceTree = "<group>";
		};
		898BC04FD75B95A0EB37F25C /* Frameworks */ = {
			isa = PBXGroup;
			children = (
				17561A07E48E53D8C2C8DF0A /* Pods_ChatAppWithFirebase.framework */,
			);
			name = Frameworks;
			sourceTree = "<group>";
		};
/* End PBXGroup section */

/* Begin PBXNativeTarget section */
		060A829F26D3DAA8005A972B /* ChatAppWithFirebase */ = {
			isa = PBXNativeTarget;
			buildConfigurationList = 060A82B426D3DAA9005A972B /* Build configuration list for PBXNativeTarget "ChatAppWithFirebase" */;
			buildPhases = (
				B80C2CC47C8A0E6C8541BE6D /* [CP] Check Pods Manifest.lock */,
				060A829C26D3DAA8005A972B /* Sources */,
				060A829D26D3DAA8005A972B /* Frameworks */,
				060A829E26D3DAA8005A972B /* Resources */,
				B38E04D1E30B4E8BC85C58AC /* [CP] Embed Pods Frameworks */,
			);
			buildRules = (
			);
			dependencies = (
			);
			name = ChatAppWithFirebase;
			productName = ChatAppWithFirebase;
			productReference = 060A82A026D3DAA8005A972B /* ChatAppWithFirebase.app */;
			productType = "com.apple.product-type.application";
		};
/* End PBXNativeTarget section */

/* Begin PBXProject section */
		060A829826D3DAA8005A972B /* Project object */ = {
			isa = PBXProject;
			attributes = {
				LastSwiftUpdateCheck = 1250;
				LastUpgradeCheck = 1250;
				TargetAttributes = {
					060A829F26D3DAA8005A972B = {
						CreatedOnToolsVersion = 12.5.1;
					};
				};
			};
			buildConfigurationList = 060A829B26D3DAA8005A972B /* Build configuration list for PBXProject "ChatAppWithFirebase" */;
			compatibilityVersion = "Xcode 9.3";
			developmentRegion = en;
			hasScannedForEncodings = 0;
			knownRegions = (
				en,
				Base,
			);
			mainGroup = 060A829726D3DAA8005A972B;
			productRefGroup = 060A82A126D3DAA8005A972B /* Products */;
			projectDirPath = "";
			projectRoot = "";
			targets = (
				060A829F26D3DAA8005A972B /* ChatAppWithFirebase */,
			);
		};
/* End PBXProject section */

/* Begin PBXResourcesBuildPhase section */
		060A829E26D3DAA8005A972B /* Resources */ = {
			isa = PBXResourcesBuildPhase;
			buildActionMask = 2147483647;
			files = (
				060A82C426D3F56E005A972B /* ChatRoomTableViewCell.xib in Resources */,
				060A82B026D3DAA9005A972B /* LaunchScreen.storyboard in Resources */,
				060A82AD26D3DAA9005A972B /* Assets.xcassets in Resources */,
				060A82B826D3DB04005A972B /* ChatList.storyboard in Resources */,
				060A82CB26D412E9005A972B /* ChatInputAccessoryView.xib in Resources */,
				060A82C026D3F103005A972B /* ChatRoom.storyboard in Resources */,
				060A82CF26D6A576005A972B /* GoogleService-Info.plist in Resources */,
			);
			runOnlyForDeploymentPostprocessing = 0;
		};
/* End PBXResourcesBuildPhase section */

/* Begin PBXShellScriptBuildPhase section */
		B38E04D1E30B4E8BC85C58AC /* [CP] Embed Pods Frameworks */ = {
			isa = PBXShellScriptBuildPhase;
			buildActionMask = 2147483647;
			files = (
			);
			inputFileListPaths = (
				"${PODS_ROOT}/Target Support Files/Pods-ChatAppWithFirebase/Pods-ChatAppWithFirebase-frameworks-${CONFIGURATION}-input-files.xcfilelist",
			);
			name = "[CP] Embed Pods Frameworks";
			outputFileListPaths = (
				"${PODS_ROOT}/Target Support Files/Pods-ChatAppWithFirebase/Pods-ChatAppWithFirebase-frameworks-${CONFIGURATION}-output-files.xcfilelist",
			);
			runOnlyForDeploymentPostprocessing = 0;
			shellPath = /bin/sh;
			shellScript = "\"${PODS_ROOT}/Target Support Files/Pods-ChatAppWithFirebase/Pods-ChatAppWithFirebase-frameworks.sh\"\n";
			showEnvVarsInLog = 0;
		};
		B80C2CC47C8A0E6C8541BE6D /* [CP] Check Pods Manifest.lock */ = {
			isa = PBXShellScriptBuildPhase;
			buildActionMask = 2147483647;
			files = (
			);
			inputFileListPaths = (
			);
			inputPaths = (
				"${PODS_PODFILE_DIR_PATH}/Podfile.lock",
				"${PODS_ROOT}/Manifest.lock",
			);
			name = "[CP] Check Pods Manifest.lock";
			outputFileListPaths = (
			);
			outputPaths = (
				"$(DERIVED_FILE_DIR)/Pods-ChatAppWithFirebase-checkManifestLockResult.txt",
			);
			runOnlyForDeploymentPostprocessing = 0;
			shellPath = /bin/sh;
			shellScript = "diff \"${PODS_PODFILE_DIR_PATH}/Podfile.lock\" \"${PODS_ROOT}/Manifest.lock\" > /dev/null\nif [ $? != 0 ] ; then\n    # print error to STDERR\n    echo \"error: The sandbox is not in sync with the Podfile.lock. Run 'pod install' or update your CocoaPods installation.\" >&2\n    exit 1\nfi\n# This output is used by Xcode 'outputs' to avoid re-running this script phase.\necho \"SUCCESS\" > \"${SCRIPT_OUTPUT_FILE_0}\"\n";
			showEnvVarsInLog = 0;
		};
/* End PBXShellScriptBuildPhase section */

/* Begin PBXSourcesBuildPhase section */
		060A829C26D3DAA8005A972B /* Sources */ = {
			isa = PBXSourcesBuildPhase;
			buildActionMask = 2147483647;
			files = (
				060A82A426D3DAA8005A972B /* AppDelegate.swift in Sources */,
				060A82CD26D41439005A972B /* ChatInputAccessoryView.swift in Sources */,
				060A82BE26D3EDDD005A972B /* UIColor-Extension.swift in Sources */,
				060A82C226D3F160005A972B /* ChatRoomViewController.swift in Sources */,
				060A82BA26D3DBC3005A972B /* ChatListViewController.swift in Sources */,
				060A82C626D3F725005A972B /* ChatRoomTableViewCell.swift in Sources */,
				060A82A626D3DAA8005A972B /* SceneDelegate.swift in Sources */,
			);
			runOnlyForDeploymentPostprocessing = 0;
		};
/* End PBXSourcesBuildPhase section */

/* Begin PBXVariantGroup section */
		060A82AE26D3DAA9005A972B /* LaunchScreen.storyboard */ = {
			isa = PBXVariantGroup;
			children = (
				060A82AF26D3DAA9005A972B /* Base */,
			);
			name = LaunchScreen.storyboard;
			sourceTree = "<group>";
		};
/* End PBXVariantGroup section */

/* Begin XCBuildConfiguration section */
		060A82B226D3DAA9005A972B /* Debug */ = {
			isa = XCBuildConfiguration;
			buildSettings = {
				ALWAYS_SEARCH_USER_PATHS = NO;
				CLANG_ANALYZER_NONNULL = YES;
				CLANG_ANALYZER_NUMBER_OBJECT_CONVERSION = YES_AGGRESSIVE;
				CLANG_CXX_LANGUAGE_STANDARD = "gnu++14";
				CLANG_CXX_LIBRARY = "libc++";
				CLANG_ENABLE_MODULES = YES;
				CLANG_ENABLE_OBJC_ARC = YES;
				CLANG_ENABLE_OBJC_WEAK = YES;
				CLANG_WARN_BLOCK_CAPTURE_AUTORELEASING = YES;
				CLANG_WARN_BOOL_CONVERSION = YES;
				CLANG_WARN_COMMA = YES;
				CLANG_WARN_CONSTANT_CONVERSION = YES;
				CLANG_WARN_DEPRECATED_OBJC_IMPLEMENTATIONS = YES;
				CLANG_WARN_DIRECT_OBJC_ISA_USAGE = YES_ERROR;
				CLANG_WARN_DOCUMENTATION_COMMENTS = YES;
				CLANG_WARN_EMPTY_BODY = YES;
				CLANG_WARN_ENUM_CONVERSION = YES;
				CLANG_WARN_INFINITE_RECURSION = YES;
				CLANG_WARN_INT_CONVERSION = YES;
				CLANG_WARN_NON_LITERAL_NULL_CONVERSION = YES;
				CLANG_WARN_OBJC_IMPLICIT_RETAIN_SELF = YES;
				CLANG_WARN_OBJC_LITERAL_CONVERSION = YES;
				CLANG_WARN_OBJC_ROOT_CLASS = YES_ERROR;
				CLANG_WARN_QUOTED_INCLUDE_IN_FRAMEWORK_HEADER = YES;
				CLANG_WARN_RANGE_LOOP_ANALYSIS = YES;
				CLANG_WARN_STRICT_PROTOTYPES = YES;
				CLANG_WARN_SUSPICIOUS_MOVE = YES;
				CLANG_WARN_UNGUARDED_AVAILABILITY = YES_AGGRESSIVE;
				CLANG_WARN_UNREACHABLE_CODE = YES;
				CLANG_WARN__DUPLICATE_METHOD_MATCH = YES;
				COPY_PHASE_STRIP = NO;
				DEBUG_INFORMATION_FORMAT = dwarf;
				ENABLE_STRICT_OBJC_MSGSEND = YES;
				ENABLE_TESTABILITY = YES;
				GCC_C_LANGUAGE_STANDARD = gnu11;
				GCC_DYNAMIC_NO_PIC = NO;
				GCC_NO_COMMON_BLOCKS = YES;
				GCC_OPTIMIZATION_LEVEL = 0;
				GCC_PREPROCESSOR_DEFINITIONS = (
					"DEBUG=1",
					"$(inherited)",
				);
				GCC_WARN_64_TO_32_BIT_CONVERSION = YES;
				GCC_WARN_ABOUT_RETURN_TYPE = YES_ERROR;
				GCC_WARN_UNDECLARED_SELECTOR = YES;
				GCC_WARN_UNINITIALIZED_AUTOS = YES_AGGRESSIVE;
				GCC_WARN_UNUSED_FUNCTION = YES;
				GCC_WARN_UNUSED_VARIABLE = YES;
				IPHONEOS_DEPLOYMENT_TARGET = 14.5;
				MTL_ENABLE_DEBUG_INFO = INCLUDE_SOURCE;
				MTL_FAST_MATH = YES;
				ONLY_ACTIVE_ARCH = YES;
				SDKROOT = iphoneos;
				SWIFT_ACTIVE_COMPILATION_CONDITIONS = DEBUG;
				SWIFT_OPTIMIZATION_LEVEL = "-Onone";
			};
			name = Debug;
		};
		060A82B326D3DAA9005A972B /* Release */ = {
			isa = XCBuildConfiguration;
			buildSettings = {
				ALWAYS_SEARCH_USER_PATHS = NO;
				CLANG_ANALYZER_NONNULL = YES;
				CLANG_ANALYZER_NUMBER_OBJECT_CONVERSION = YES_AGGRESSIVE;
				CLANG_CXX_LANGUAGE_STANDARD = "gnu++14";
				CLANG_CXX_LIBRARY = "libc++";
				CLANG_ENABLE_MODULES = YES;
				CLANG_ENABLE_OBJC_ARC = YES;
				CLANG_ENABLE_OBJC_WEAK = YES;
				CLANG_WARN_BLOCK_CAPTURE_AUTORELEASING = YES;
				CLANG_WARN_BOOL_CONVERSION = YES;
				CLANG_WARN_COMMA = YES;
				CLANG_WARN_CONSTANT_CONVERSION = YES;
				CLANG_WARN_DEPRECATED_OBJC_IMPLEMENTATIONS = YES;
				CLANG_WARN_DIRECT_OBJC_ISA_USAGE = YES_ERROR;
				CLANG_WARN_DOCUMENTATION_COMMENTS = YES;
				CLANG_WARN_EMPTY_BODY = YES;
				CLANG_WARN_ENUM_CONVERSION = YES;
				CLANG_WARN_INFINITE_RECURSION = YES;
				CLANG_WARN_INT_CONVERSION = YES;
				CLANG_WARN_NON_LITERAL_NULL_CONVERSION = YES;
				CLANG_WARN_OBJC_IMPLICIT_RETAIN_SELF = YES;
				CLANG_WARN_OBJC_LITERAL_CONVERSION = YES;
				CLANG_WARN_OBJC_ROOT_CLASS = YES_ERROR;
				CLANG_WARN_QUOTED_INCLUDE_IN_FRAMEWORK_HEADER = YES;
				CLANG_WARN_RANGE_LOOP_ANALYSIS = YES;
				CLANG_WARN_STRICT_PROTOTYPES = YES;
				CLANG_WARN_SUSPICIOUS_MOVE = YES;
				CLANG_WARN_UNGUARDED_AVAILABILITY = YES_AGGRESSIVE;
				CLANG_WARN_UNREACHABLE_CODE = YES;
				CLANG_WARN__DUPLICATE_METHOD_MATCH = YES;
				COPY_PHASE_STRIP = NO;
				DEBUG_INFORMATION_FORMAT = "dwarf-with-dsym";
				ENABLE_NS_ASSERTIONS = NO;
				ENABLE_STRICT_OBJC_MSGSEND = YES;
				GCC_C_LANGUAGE_STANDARD = gnu11;
				GCC_NO_COMMON_BLOCKS = YES;
				GCC_WARN_64_TO_32_BIT_CONVERSION = YES;
				GCC_WARN_ABOUT_RETURN_TYPE = YES_ERROR;
				GCC_WARN_UNDECLARED_SELECTOR = YES;
				GCC_WARN_UNINITIALIZED_AUTOS = YES_AGGRESSIVE;
				GCC_WARN_UNUSED_FUNCTION = YES;
				GCC_WARN_UNUSED_VARIABLE = YES;
				IPHONEOS_DEPLOYMENT_TARGET = 14.5;
				MTL_ENABLE_DEBUG_INFO = NO;
				MTL_FAST_MATH = YES;
				SDKROOT = iphoneos;
				SWIFT_COMPILATION_MODE = wholemodule;
				SWIFT_OPTIMIZATION_LEVEL = "-O";
				VALIDATE_PRODUCT = YES;
			};
			name = Release;
		};
		060A82B526D3DAA9005A972B /* Debug */ = {
			isa = XCBuildConfiguration;
			baseConfigurationReference = AE48A470AA21B943CD15CFA9 /* Pods-ChatAppWithFirebase.debug.xcconfig */;
			buildSettings = {
				ASSETCATALOG_COMPILER_APPICON_NAME = AppIcon;
				ASSETCATALOG_COMPILER_GLOBAL_ACCENT_COLOR_NAME = AccentColor;
				CODE_SIGN_STYLE = Automatic;
				INFOPLIST_FILE = ChatAppWithFirebase/Info.plist;
				LD_RUNPATH_SEARCH_PATHS = (
					"$(inherited)",
					"@executable_path/Frameworks",
				);
				PRODUCT_BUNDLE_IDENTIFIER = MuNe.ChatAppWithFirebase;
				PRODUCT_NAME = "$(TARGET_NAME)";
				SWIFT_VERSION = 5.0;
				TARGETED_DEVICE_FAMILY = "1,2";
			};
			name = Debug;
		};
		060A82B626D3DAA9005A972B /* Release */ = {
			isa = XCBuildConfiguration;
			baseConfigurationReference = 7A82804DF2EEF04139FE364D /* Pods-ChatAppWithFirebase.release.xcconfig */;
			buildSettings = {
				ASSETCATALOG_COMPILER_APPICON_NAME = AppIcon;
				ASSETCATALOG_COMPILER_GLOBAL_ACCENT_COLOR_NAME = AccentColor;
				CODE_SIGN_STYLE = Automatic;
				INFOPLIST_FILE = ChatAppWithFirebase/Info.plist;
				LD_RUNPATH_SEARCH_PATHS = (
					"$(inherited)",
					"@executable_path/Frameworks",
				);
				PRODUCT_BUNDLE_IDENTIFIER = MuNe.ChatAppWithFirebase;
				PRODUCT_NAME = "$(TARGET_NAME)";
				SWIFT_VERSION = 5.0;
				TARGETED_DEVICE_FAMILY = "1,2";
			};
			name = Release;
		};
/* End XCBuildConfiguration section */

/* Begin XCConfigurationList section */
		060A829B26D3DAA8005A972B /* Build configuration list for PBXProject "ChatAppWithFirebase" */ = {
			isa = XCConfigurationList;
			buildConfigurations = (
				060A82B226D3DAA9005A972B /* Debug */,
				060A82B326D3DAA9005A972B /* Release */,
			);
			defaultConfigurationIsVisible = 0;
			defaultConfigurationName = Release;
		};
		060A82B426D3DAA9005A972B /* Build configuration list for PBXNativeTarget "ChatAppWithFirebase" */ = {
			isa = XCConfigurationList;
			buildConfigurations = (
				060A82B526D3DAA9005A972B /* Debug */,
				060A82B626D3DAA9005A972B /* Release */,
			);
			defaultConfigurationIsVisible = 0;
			defaultConfigurationName = Release;
		};
/* End XCConfigurationList section */
	};
	rootObject = 060A829826D3DAA8005A972B /* Project object */;
}
